{
  "name": "ipharmacare-pagination",
  "version": "0.1.4",
  "lockfileVersion": 1,
  "requires": true,
  "dependencies": {
    "@angular/animations": {
      "version": "5.1.2",
      "resolved": "http://10.1.1.99:4837/@angular%2fanimations/-/animations-5.1.2.tgz",
      "integrity": "sha1-Rk35qeMMeoFGEY/dm/+Czfz5fX4=",
      "requires": {
        "tslib": "1.8.1"
      }
    },
    "@angular/common": {
      "version": "2.1.2",
      "resolved": "http://10.1.1.99:4837/@angular%2fcommon/-/common-2.1.2.tgz",
      "integrity": "sha1-XFs3wh1uVz3vFnD0OWLCYryb6C4="
    },
    "@angular/compiler": {
      "version": "2.1.2",
      "resolved": "http://10.1.1.99:4837/@angular%2fcompiler/-/compiler-2.1.2.tgz",
      "integrity": "sha1-vSpsVY3lNQvdQ6qOjedXlDrAHSo="
    },
    "@angular/core": {
      "version": "2.1.2",
      "resolved": "http://10.1.1.99:4837/@angular%2fcore/-/core-2.1.2.tgz",
      "integrity": "sha1-zjlSFkPz2XvFkj1aeqdmBOlz2sg="
    },
    "@angular/forms": {
      "version": "2.1.2",
      "resolved": "http://10.1.1.99:4837/@angular%2fforms/-/forms-2.1.2.tgz",
      "integrity": "sha1-xVU56l2m1g9kR185OSrl3Xan6ZA="
    },
    "@angular/http": {
      "version": "2.1.2",
      "resolved": "http://10.1.1.99:4837/@angular%2fhttp/-/http-2.1.2.tgz",
      "integrity": "sha1-UKqWw7aKRLmOP4N4hsluWTDrVDo="
    },
    "@angular/platform-browser": {
      "version": "2.1.2",
      "resolved": "http://10.1.1.99:4837/@angular%2fplatform-browser/-/platform-browser-2.1.2.tgz",
      "integrity": "sha1-HwfDpWaKwjgacyT5ABUh3u3hWbw="
    },
    "@angular/platform-browser-dynamic": {
      "version": "2.1.2",
      "resolved": "http://10.1.1.99:4837/@angular%2fplatform-browser-dynamic/-/platform-browser-dynamic-2.1.2.tgz",
      "integrity": "sha1-PVG0lM/gopNUyMHyg2mINnmYKvQ="
    },
    "@angular/router": {
      "version": "3.1.2",
      "resolved": "http://10.1.1.99:4837/@angular%2frouter/-/router-3.1.2.tgz",
      "integrity": "sha1-EEbJQ6znlQJ+LlBX34yJfalo/NY="
    },
    "@ng-bootstrap/ng-bootstrap": {
      "version": "1.0.0-alpha.9",
      "resolved": "http://10.1.1.99:4837/@ng-bootstrap%2fng-bootstrap/-/ng-bootstrap-1.0.0-alpha.9.tgz",
      "integrity": "sha1-rphj1jQP4i3WuO1zEAOWk1B8K2E="
    },
    "angular2-cookie": {
      "version": "1.2.6",
      "resolved": "http://10.1.1.99:4837/angular2-cookie/-/angular2-cookie-1.2.6.tgz",
      "integrity": "sha1-j6hFUx53etsEL+LzOcAED23b8J0="
    },
    "angular2-tree-component": {
      "version": "1.3.5",
      "resolved": "http://10.1.1.99:4837/angular2-tree-component/-/angular2-tree-component-1.3.5.tgz",
      "integrity": "sha1-YykyohtLZNGQ3Qx88b+RD4ed8qE=",
      "requires": {
        "core-js": "2.4.1",
        "es6-promise": "3.3.1",
        "es6-shim": "0.35.3",
        "lodash": "4.17.4",
        "reflect-metadata": "0.1.10",
        "rxjs": "5.0.0-beta.12",
        "ts-helpers": "1.1.2"
      }
    },
    "core-js": {
      "version": "2.4.1",
      "resolved": "http://10.1.1.99:4837/core-js/-/core-js-2.4.1.tgz",
      "integrity": "sha1-TekR5mew6ukSTjQlS1OupvxhjT4="
    },
    "es6-promise": {
      "version": "3.3.1",
      "resolved": "http://10.1.1.99:4837/es6-promise/-/es6-promise-3.3.1.tgz",
      "integrity": "sha1-oIzd6EzNvzTQJ6FFG8kdS80ophM="
    },
    "es6-shim": {
      "version": "0.35.3",
      "resolved": "http://10.1.1.99:4837/es6-shim/-/es6-shim-0.35.3.tgz",
      "integrity": "sha1-m/tzY/7//4emzbbNk+QF7DxLbyY="
    },
    "ipharmacare-number": {
      "version": "0.1.0",
      "resolved": "http://10.1.1.99:4837/ipharmacare-number/-/ipharmacare-number-0.1.0.tgz",
      "integrity": "sha512-wwzBao+xz+gspCBK3GF3Y9gZLS48naaF12c36PW03IGygMWJPbCxZKNN17OItTDJsdg13JXJk7K5RNdc21j6aQ==",
      "requires": {
        "@angular/common": "2.1.2",
        "@angular/compiler": "2.1.2",
        "@angular/core": "2.1.2",
        "@angular/forms": "2.1.2",
        "@angular/http": "2.1.2",
        "@angular/platform-browser": "2.1.2",
        "@angular/platform-browser-dynamic": "2.1.2",
        "@angular/router": "3.1.2",
        "@ng-bootstrap/ng-bootstrap": "1.0.0-alpha.9",
        "angular2-cookie": "1.2.6",
        "angular2-tree-component": "1.3.5",
        "core-js": "2.4.1",
        "ipharmacare-pagination": "0.1.1",
        "ng2-interceptors": "1.2.1",
        "ngx-ueditor": "1.1.0",
        "rxjs": "5.0.0-beta.12",
        "zone.js": "0.6.25"
      }
    },
    "ipharmacare-pagination": {
      "version": "0.1.1",
      "resolved": "http://10.1.1.99:4837/ipharmacare-pagination/-/ipharmacare-pagination-0.1.1.tgz",
      "integrity": "sha512-rksphWxTDPXvFymgurm3PGnzCGkhMtQRIFpYe5AQCpqqHDECazJ/SGdJfG7jCAYGitgmXHwUi5HkqE3pYjiZhw=="
    },
    "ipharmacare-select": {
      "version": "0.1.1",
      "resolved": "http://10.1.1.99:4837/ipharmacare-select/-/ipharmacare-select-0.1.1.tgz",
      "integrity": "sha512-/BZZxraXhrcWlV/klBJODsXuiNlKqclTZdyfGaQBbCGRzqIRYPlclCA72r8VmN0OrmiDZeGgOE0QONGGTmEyPw=="
    },
    "lodash": {
      "version": "4.17.4",
      "resolved": "http://10.1.1.99:4837/lodash/-/lodash-4.17.4.tgz",
      "integrity": "sha1-eCA6TRwyiuHYbcpkYONptX9AVa4="
    },
    "ng2-interceptors": {
      "version": "1.2.1",
      "resolved": "http://10.1.1.99:4837/ng2-interceptors/-/ng2-interceptors-1.2.1.tgz",
      "integrity": "sha1-Xs4p1o0jCzACNW0diIeSmvojwWY="
    },
    "ngx-highlight-js": {
      "version": "1.0.3",
      "resolved": "http://10.1.1.99:4837/ngx-highlight-js/-/ngx-highlight-js-1.0.3.tgz",
      "integrity": "sha1-tG75Bp1EO6rnpD5eQhfWT7gEkAM="
    },
    "ngx-ueditor": {
      "version": "1.1.0",
      "resolved": "http://10.1.1.99:4837/ngx-ueditor/-/ngx-ueditor-1.1.0.tgz",
      "integrity": "sha1-B2asxqjoIFZhExyXvknB6ZHJfGw=",
      "requires": {
        "@angular/animations": "5.1.2",
        "@angular/common": "5.1.2",
        "@angular/compiler": "5.1.2",
        "@angular/core": "5.1.2",
        "@angular/forms": "5.1.2",
        "@angular/http": "5.1.2",
        "@angular/platform-browser": "5.1.2",
        "@angular/platform-browser-dynamic": "5.1.2",
        "@angular/router": "5.1.2",
        "core-js": "2.4.1",
        "ngx-highlight-js": "1.0.3",
        "rxjs": "5.5.6",
        "zone.js": "0.8.19"
      },
      "dependencies": {
        "@angular/common": {
          "version": "5.1.2",
          "resolved": "http://10.1.1.99:4837/@angular%2fcommon/-/common-5.1.2.tgz",
          "integrity": "sha1-smWRYVddRju4s+MON0NLJtcDZrQ=",
          "requires": {
            "tslib": "1.8.1"
          }
        },
        "@angular/compiler": {
          "version": "5.1.2",
          "resolved": "http://10.1.1.99:4837/@angular%2fcompiler/-/compiler-5.1.2.tgz",
          "integrity": "sha1-Tf0N1/qzmhShoQQJfC9q9HDdq9s=",
          "requires": {
            "tslib": "1.8.1"
          }
        },
        "@angular/core": {
          "version": "5.1.2",
          "resolved": "http://10.1.1.99:4837/@angular%2fcore/-/core-5.1.2.tgz",
          "integrity": "sha1-dRBwwPTlqMTiFwIE4I7KBjkbhLE=",
          "requires": {
            "tslib": "1.8.1"
          }
        },
        "@angular/forms": {
          "version": "5.1.2",
          "resolved": "http://10.1.1.99:4837/@angular%2fforms/-/forms-5.1.2.tgz",
          "integrity": "sha1-+uSTTM3UFEPv3uSbdUyLKlWHsSw=",
          "requires": {
            "tslib": "1.8.1"
          }
        },
        "@angular/http": {
          "version": "5.1.2",
          "resolved": "http://10.1.1.99:4837/@angular%2fhttp/-/http-5.1.2.tgz",
          "integrity": "sha1-OO3zvsBW6cNFaGh5n0wPgxJ8c7k=",
          "requires": {
            "tslib": "1.8.1"
          }
        },
        "@angular/platform-browser": {
          "version": "5.1.2",
          "resolved": "http://10.1.1.99:4837/@angular%2fplatform-browser/-/platform-browser-5.1.2.tgz",
          "integrity": "sha1-b6+Sa5tBttVNhz89zE8xrTX9DDg=",
          "requires": {
            "tslib": "1.8.1"
          }
        },
        "@angular/platform-browser-dynamic": {
          "version": "5.1.2",
          "resolved": "http://10.1.1.99:4837/@angular%2fplatform-browser-dynamic/-/platform-browser-dynamic-5.1.2.tgz",
          "integrity": "sha1-Eg1Jzha8uRuKwcXlxjT7pZI1mtc=",
          "requires": {
            "tslib": "1.8.1"
          }
        },
        "@angular/router": {
          "version": "5.1.2",
          "resolved": "http://10.1.1.99:4837/@angular%2frouter/-/router-5.1.2.tgz",
          "integrity": "sha1-HaiEVHjKNA6cSz2dodGo7nlv2hg=",
          "requires": {
            "tslib": "1.8.1"
          }
        },
        "rxjs": {
          "version": "5.5.6",
          "resolved": "http://10.1.1.99:4837/rxjs/-/rxjs-5.5.6.tgz",
          "integrity": "sha1-4x+5bW/S/x/YS86orpwC0AcXnAI=",
          "requires": {
            "symbol-observable": "1.0.1"
          }
        },
        "symbol-observable": {
          "version": "1.0.1",
          "resolved": "http://10.1.1.99:4837/symbol-observable/-/symbol-observable-1.0.1.tgz",
          "integrity": "sha1-g0D8RwLDEi310iKI+IKD9RPT/dQ="
        },
        "zone.js": {
          "version": "0.8.19",
          "resolved": "http://10.1.1.99:4837/zone.js/-/zone.js-0.8.19.tgz",
          "integrity": "sha1-pLUizZ6Le2FqY4wpfXINTH8pL3E="
        }
      }
    },
    "reflect-metadata": {
      "version": "0.1.10",
      "resolved": "http://10.1.1.99:4837/reflect-metadata/-/reflect-metadata-0.1.10.tgz",
      "integrity": "sha1-tPg3BEFqytiZiMmxVjXUfgO5NEo="
    },
    "rxjs": {
      "version": "5.0.0-beta.12",
      "resolved": "http://10.1.1.99:4837/rxjs/-/rxjs-5.0.0-beta.12.tgz",
      "integrity": "sha1-zf3i2MRjnSCud5S/+P3fMtp60zc=",
      "requires": {
        "symbol-observable": "1.1.0"
      }
    },
    "symbol-observable": {
      "version": "1.1.0",
      "resolved": "http://10.1.1.99:4837/symbol-observable/-/symbol-observable-1.1.0.tgz",
      "integrity": "sha1-XGj9jVQRXZ37cqhHIFSSIujbmzI="
    },
    "ts-helpers": {
      "version": "1.1.2",
      "resolved": "http://10.1.1.99:4837/ts-helpers/-/ts-helpers-1.1.2.tgz",
      "integrity": "sha1-/Gm+nx87rtAfsaDvjUz+dIgU2DU="
    },
    "tslib": {
      "version": "1.8.1",
      "resolved": "http://10.1.1.99:4837/tslib/-/tslib-1.8.1.tgz",
      "integrity": "sha1-aUavLR1lGnsYY7Ux1uWvpBqkTqw="
    },
    "zone.js": {
      "version": "0.6.25",
      "resolved": "http://10.1.1.99:4837/zone.js/-/zone.js-0.6.25.tgz",
      "integrity": "sha1-pBtX/owP87jwd947GTqGojRCAwE="
    }
  }
}
